
Microsoft Visual Studio Solution File, Format Version 12.00
# Visual Studio 15
VisualStudioVersion = 15.0.27703.2035
MinimumVisualStudioVersion = 10.0.40219.1
Project("{FAE04EC0-301F-11D3-BF4B-00C04F79EFBC}") = "Day3Ecample", "Day3Ecample\Day3Ecample.csproj", "{5A16D2BC-3C89-49B7-A355-5F6C2912F826}"
EndProject
Project("{FAE04EC0-301F-11D3-BF4B-00C04F79EFBC}") = "Calculator_Sample", "Calculator_Sample\Calculator_Sample.csproj", "{26BA7E52-F8D7-4DE8-9C20-97FEBAB18965}"
EndProject
Project("{FAE04EC0-301F-11D3-BF4B-00C04F79EFBC}") = "SampleOOP", "SampleOOP\SampleOOP.csproj", "{EA2B91E7-B4E2-4549-B2BF-B9DBD72411C4}"
EndProject
Project("{FAE04EC0-301F-11D3-BF4B-00C04F79EFBC}") = "CircleSample", "CircleSample\CircleSample.csproj", "{7BCCBCED-BC4B-497A-9A5E-31F7131F4281}"
EndProject
Project("{FAE04EC0-301F-11D3-BF4B-00C04F79EFBC}") = "ConsoleAppOOPInhetance", "ConsoleAppOOP\ConsoleAppOOPInhetance.csproj", "{83E05EA7-C092-4242-86E8-64D8566FFD6F}"
EndProject
Global
	GlobalSection(SolutionConfigurationPlatforms) = preSolution
		Debug|Any CPU = Debug|Any CPU
		Release|Any CPU = Release|Any CPU
	EndGlobalSection
	GlobalSection(ProjectConfigurationPlatforms) = postSolution
		{5A16D2BC-3C89-49B7-A355-5F6C2912F826}.Debug|Any CPU.ActiveCfg = Debug|Any CPU
		{5A16D2BC-3C89-49B7-A355-5F6C2912F826}.Debug|Any CPU.Build.0 = Debug|Any CPU
		{5A16D2BC-3C89-49B7-A355-5F6C2912F826}.Release|Any CPU.ActiveCfg = Release|Any CPU
		{5A16D2BC-3C89-49B7-A355-5F6C2912F826}.Release|Any CPU.Build.0 = Release|Any CPU
		{26BA7E52-F8D7-4DE8-9C20-97FEBAB18965}.Debug|Any CPU.ActiveCfg = Debug|Any CPU
		{26BA7E52-F8D7-4DE8-9C20-97FEBAB18965}.Debug|Any CPU.Build.0 = Debug|Any CPU
		{26BA7E52-F8D7-4DE8-9C20-97FEBAB18965}.Release|Any CPU.ActiveCfg = Release|Any CPU
		{26BA7E52-F8D7-4DE8-9C20-97FEBAB18965}.Release|Any CPU.Build.0 = Release|Any CPU
		{EA2B91E7-B4E2-4549-B2BF-B9DBD72411C4}.Debug|Any CPU.ActiveCfg = Debug|Any CPU
		{EA2B91E7-B4E2-4549-B2BF-B9DBD72411C4}.Debug|Any CPU.Build.0 = Debug|Any CPU
		{EA2B91E7-B4E2-4549-B2BF-B9DBD72411C4}.Release|Any CPU.ActiveCfg = Release|Any CPU
		{EA2B91E7-B4E2-4549-B2BF-B9DBD72411C4}.Release|Any CPU.Build.0 = Release|Any CPU
		{7BCCBCED-BC4B-497A-9A5E-31F7131F4281}.Debug|Any CPU.ActiveCfg = Debug|Any CPU
		{7BCCBCED-BC4B-497A-9A5E-31F7131F4281}.Debug|Any CPU.Build.0 = Debug|Any CPU
		{7BCCBCED-BC4B-497A-9A5E-31F7131F4281}.Release|Any CPU.ActiveCfg = Release|Any CPU
		{7BCCBCED-BC4B-497A-9A5E-31F7131F4281}.Release|Any CPU.Build.0 = Release|Any CPU
		{83E05EA7-C092-4242-86E8-64D8566FFD6F}.Debug|Any CPU.ActiveCfg = Debug|Any CPU
		{83E05EA7-C092-4242-86E8-64D8566FFD6F}.Debug|Any CPU.Build.0 = Debug|Any CPU
		{83E05EA7-C092-4242-86E8-64D8566FFD6F}.Release|Any CPU.ActiveCfg = Release|Any CPU
		{83E05EA7-C092-4242-86E8-64D8566FFD6F}.Release|Any CPU.Build.0 = Release|Any CPU
	EndGlobalSection
	GlobalSection(SolutionProperties) = preSolution
		HideSolutionNode = FALSE
	EndGlobalSection
	GlobalSection(ExtensibilityGlobals) = postSolution
		SolutionGuid = {D50EDADA-83BB-4DEB-B32F-6FD28B6DFEBF}
	EndGlobalSection
EndGlobal
